<?xml version="1.0" encoding="UTF-8" standalone="yes" ?>
<CodeBlocks_project_file>
	<FileVersion major="1" minor="6" />
	<Project>
		<Option title="Test_SAEAES" />
		<Option pch_mode="2" />
		<Option compiler="gcc" />
		<Build>
			<Target title="Debug">
				<Option output="bin/Debug/Test_SAEAES" prefix_auto="1" extension_auto="1" />
				<Option object_output="obj/Debug/" />
				<Option type="1" />
				<Option compiler="gcc" />
				<Compiler>
					<Add option="-g" />
				</Compiler>
			</Target>
			<Target title="Release">
				<Option output="bin/Release/Test_SAEAES" prefix_auto="1" extension_auto="1" />
				<Option object_output="obj/Release/" />
				<Option type="1" />
				<Option compiler="gcc" />
				<Compiler>
					<Add option="-O2" />
				</Compiler>
				<Linker>
					<Add option="-s" />
				</Linker>
			</Target>
		</Build>
		<Compiler>
			<Add option="-Wall" />
		</Compiler>
		<Unit filename="../../../Select_Algoritms/saeaes - copia/Implementations/crypto_aead/saeaes128a64t64v1/ref/aes.c">
			<Option compilerVar="CC" />
		</Unit>
		<Unit filename="../../../Select_Algoritms/saeaes - copia/Implementations/crypto_aead/saeaes128a64t64v1/ref/api.h" />
		<Unit filename="../../../Select_Algoritms/saeaes - copia/Implementations/crypto_aead/saeaes128a64t64v1/ref/crypto_aead.h" />
		<Unit filename="../../../Select_Algoritms/saeaes - copia/Implementations/crypto_aead/saeaes128a64t64v1/ref/crypto_hash.h" />
		<Unit filename="../../../Select_Algoritms/saeaes - copia/Implementations/crypto_aead/saeaes128a64t64v1/ref/encrypt.c">
			<Option compilerVar="CC" />
		</Unit>
		<Unit filename="../../../Select_Algoritms/saeaes - copia/Implementations/crypto_aead/saeaes128a64t64v1/ref/genkat_aead.c">
			<Option compilerVar="CC" />
		</Unit>
		<Unit filename="../../../Select_Algoritms/saeaes - copia/Implementations/crypto_aead/saeaes128a64t64v1/ref/genkat_hash.c">
			<Option compilerVar="CC" />
		</Unit>
		<Unit filename="../../../Select_Algoritms/saeaes - copia/Implementations/crypto_aead/saeaes128a64t64v1/ref/saeaes.h" />
		<Extensions>
			<lib_finder disable_auto="1" />
		</Extensions>
	</Project>
</CodeBlocks_project_file>
